// !$*UTF8*$!
{
	archiveVersion = 1;
	classes = {
	};
	objectVersion = 46;
	objects = {

/* Begin PBXBuildFile section */
		418D4B1919E68B21007D60BD /* CWPlaceholderTextView.m in Sources */ = {isa = PBXBuildFile; fileRef = 418D4B1819E68B21007D60BD /* CWPlaceholderTextView.m */; };
		418D4B1C19E68B4E007D60BD /* UIImage+CWAdditions.m in Sources */ = {isa = PBXBuildFile; fileRef = 418D4B1B19E68B4E007D60BD /* UIImage+CWAdditions.m */; };
		418D4B1F19E68BEE007D60BD /* UITextField+CWAdditions.m in Sources */ = {isa = PBXBuildFile; fileRef = 418D4B1E19E68BEE007D60BD /* UITextField+CWAdditions.m */; };
		A0822E5619B1AF1900A3DB53 /* CWFoundationConstans.m in Sources */ = {isa = PBXBuildFile; fileRef = A0822E3C19B1AF1900A3DB53 /* CWFoundationConstans.m */; };
		A0822E5719B1AF1900A3DB53 /* NSArray+CWAdditions.m in Sources */ = {isa = PBXBuildFile; fileRef = A0822E3F19B1AF1900A3DB53 /* NSArray+CWAdditions.m */; };
		A0822E5819B1AF1900A3DB53 /* NSMutableAttributedString+CWAdditions.m in Sources */ = {isa = PBXBuildFile; fileRef = A0822E4119B1AF1900A3DB53 /* NSMutableAttributedString+CWAdditions.m */; };
		A0822E5919B1AF1900A3DB53 /* NSNotification+CWAdditions.m in Sources */ = {isa = PBXBuildFile; fileRef = A0822E4319B1AF1900A3DB53 /* NSNotification+CWAdditions.m */; };
		A0822E5A19B1AF1900A3DB53 /* NSNotificationCenter+CWAdditions.m in Sources */ = {isa = PBXBuildFile; fileRef = A0822E4519B1AF1900A3DB53 /* NSNotificationCenter+CWAdditions.m */; };
		A0822E5B19B1AF1900A3DB53 /* NSString+CWAdditions.m in Sources */ = {isa = PBXBuildFile; fileRef = A0822E4719B1AF1900A3DB53 /* NSString+CWAdditions.m */; };
		A0822E5C19B1AF1900A3DB53 /* UIApplication+CWAdditions.m in Sources */ = {isa = PBXBuildFile; fileRef = A0822E4A19B1AF1900A3DB53 /* UIApplication+CWAdditions.m */; };
		A0822E5D19B1AF1900A3DB53 /* UIColor+CWAdditions.m in Sources */ = {isa = PBXBuildFile; fileRef = A0822E4C19B1AF1900A3DB53 /* UIColor+CWAdditions.m */; };
		A0822E5E19B1AF1900A3DB53 /* UINavigationController+CWAdditions.m in Sources */ = {isa = PBXBuildFile; fileRef = A0822E4F19B1AF1900A3DB53 /* UINavigationController+CWAdditions.m */; };
		A0822E5F19B1AF1900A3DB53 /* UIScrollView+CWAdditions.m in Sources */ = {isa = PBXBuildFile; fileRef = A0822E5119B1AF1900A3DB53 /* UIScrollView+CWAdditions.m */; };
		A0822E6019B1AF1900A3DB53 /* UIView+CWAdditions.m in Sources */ = {isa = PBXBuildFile; fileRef = A0822E5319B1AF1900A3DB53 /* UIView+CWAdditions.m */; };
		A0822E6119B1AF1900A3DB53 /* UIWebView+CWAdditions.m in Sources */ = {isa = PBXBuildFile; fileRef = A0822E5519B1AF1900A3DB53 /* UIWebView+CWAdditions.m */; };
		A0822E6619B21EE200A3DB53 /* CWActionSheet.m in Sources */ = {isa = PBXBuildFile; fileRef = A0822E6519B21EE200A3DB53 /* CWActionSheet.m */; };
		A0822E6919B21EF500A3DB53 /* CWAlertView.m in Sources */ = {isa = PBXBuildFile; fileRef = A0822E6819B21EF500A3DB53 /* CWAlertView.m */; };
		A0822E6C19B21F2C00A3DB53 /* CWBlockFunctions.m in Sources */ = {isa = PBXBuildFile; fileRef = A0822E6B19B21F2C00A3DB53 /* CWBlockFunctions.m */; };
		A0822E7219B2273E00A3DB53 /* CWImagePickerController.m in Sources */ = {isa = PBXBuildFile; fileRef = A0822E6F19B2273E00A3DB53 /* CWImagePickerController.m */; };
		A0822E7319B2273E00A3DB53 /* CWFieldValidation.m in Sources */ = {isa = PBXBuildFile; fileRef = A0822E7119B2273E00A3DB53 /* CWFieldValidation.m */; };
		A0822E7619B227B800A3DB53 /* CWObjectCache.m in Sources */ = {isa = PBXBuildFile; fileRef = A0822E7519B227B800A3DB53 /* CWObjectCache.m */; };
		A0822E7919B2286800A3DB53 /* CWHTTPFetcher.m in Sources */ = {isa = PBXBuildFile; fileRef = A0822E7819B2286800A3DB53 /* CWHTTPFetcher.m */; };
		A0E6454C19AF66FB00A6731E /* Foundation.framework in Frameworks */ = {isa = PBXBuildFile; fileRef = A0E6454B19AF66FB00A6731E /* Foundation.framework */; };
		A0E6454E19AF66FB00A6731E /* CoreGraphics.framework in Frameworks */ = {isa = PBXBuildFile; fileRef = A0E6454D19AF66FB00A6731E /* CoreGraphics.framework */; };
		A0E6455019AF66FB00A6731E /* UIKit.framework in Frameworks */ = {isa = PBXBuildFile; fileRef = A0E6454F19AF66FB00A6731E /* UIKit.framework */; };
		A0E6456519AF66FB00A6731E /* XCTest.framework in Frameworks */ = {isa = PBXBuildFile; fileRef = A0E6456419AF66FB00A6731E /* XCTest.framework */; };
		A0E6456619AF66FB00A6731E /* Foundation.framework in Frameworks */ = {isa = PBXBuildFile; fileRef = A0E6454B19AF66FB00A6731E /* Foundation.framework */; };
		A0E6456719AF66FB00A6731E /* UIKit.framework in Frameworks */ = {isa = PBXBuildFile; fileRef = A0E6454F19AF66FB00A6731E /* UIKit.framework */; };
		A0E6456F19AF66FB00A6731E /* InfoPlist.strings in Resources */ = {isa = PBXBuildFile; fileRef = A0E6456D19AF66FB00A6731E /* InfoPlist.strings */; };
		A0E6457119AF66FB00A6731E /* CWFoundationTests.m in Sources */ = {isa = PBXBuildFile; fileRef = A0E6457019AF66FB00A6731E /* CWFoundationTests.m */; };
		A0E6458319AF67AA00A6731E /* CWAppDelegate.m in Sources */ = {isa = PBXBuildFile; fileRef = A0E6457C19AF67AA00A6731E /* CWAppDelegate.m */; };
		A0E6458519AF67AA00A6731E /* InfoPlist.strings in Resources */ = {isa = PBXBuildFile; fileRef = A0E6457F19AF67AA00A6731E /* InfoPlist.strings */; };
		A0E6458619AF67AA00A6731E /* Images.xcassets in Resources */ = {isa = PBXBuildFile; fileRef = A0E6458119AF67AA00A6731E /* Images.xcassets */; };
		A0E6458719AF67AA00A6731E /* main.m in Sources */ = {isa = PBXBuildFile; fileRef = A0E6458219AF67AA00A6731E /* main.m */; };
		BC5D71B51A052AE00094B82F /* NSError+CWAdditions.m in Sources */ = {isa = PBXBuildFile; fileRef = BC5D71B41A052AE00094B82F /* NSError+CWAdditions.m */; };
/* End PBXBuildFile section */

/* Begin PBXContainerItemProxy section */
		A0E6456819AF66FB00A6731E /* PBXContainerItemProxy */ = {
			isa = PBXContainerItemProxy;
			containerPortal = A0E6454019AF66FB00A6731E /* Project object */;
			proxyType = 1;
			remoteGlobalIDString = A0E6454719AF66FB00A6731E;
			remoteInfo = CWFoundation;
		};
/* End PBXContainerItemProxy section */

/* Begin PBXFileReference section */
		418D4B1719E68B21007D60BD /* CWPlaceholderTextView.h */ = {isa = PBXFileReference; fileEncoding = 4; lastKnownFileType = sourcecode.c.h; path = CWPlaceholderTextView.h; sourceTree = "<group>"; };
		418D4B1819E68B21007D60BD /* CWPlaceholderTextView.m */ = {isa = PBXFileReference; fileEncoding = 4; lastKnownFileType = sourcecode.c.objc; path = CWPlaceholderTextView.m; sourceTree = "<group>"; };
		418D4B1A19E68B4E007D60BD /* UIImage+CWAdditions.h */ = {isa = PBXFileReference; fileEncoding = 4; lastKnownFileType = sourcecode.c.h; path = "UIImage+CWAdditions.h"; sourceTree = "<group>"; };
		418D4B1B19E68B4E007D60BD /* UIImage+CWAdditions.m */ = {isa = PBXFileReference; fileEncoding = 4; lastKnownFileType = sourcecode.c.objc; path = "UIImage+CWAdditions.m"; sourceTree = "<group>"; };
		418D4B1D19E68BEE007D60BD /* UITextField+CWAdditions.h */ = {isa = PBXFileReference; fileEncoding = 4; lastKnownFileType = sourcecode.c.h; path = "UITextField+CWAdditions.h"; sourceTree = "<group>"; };
		418D4B1E19E68BEE007D60BD /* UITextField+CWAdditions.m */ = {isa = PBXFileReference; fileEncoding = 4; lastKnownFileType = sourcecode.c.objc; path = "UITextField+CWAdditions.m"; sourceTree = "<group>"; };
		A0822E3919B1AF1900A3DB53 /* CWFoundation.h */ = {isa = PBXFileReference; fileEncoding = 4; lastKnownFileType = sourcecode.c.h; path = CWFoundation.h; sourceTree = "<group>"; };
		A0822E3B19B1AF1900A3DB53 /* CWFoundationConstans.h */ = {isa = PBXFileReference; fileEncoding = 4; lastKnownFileType = sourcecode.c.h; path = CWFoundationConstans.h; sourceTree = "<group>"; };
		A0822E3C19B1AF1900A3DB53 /* CWFoundationConstans.m */ = {isa = PBXFileReference; fileEncoding = 4; lastKnownFileType = sourcecode.c.objc; path = CWFoundationConstans.m; sourceTree = "<group>"; };
		A0822E3D19B1AF1900A3DB53 /* Foundation+CWAdditions.h */ = {isa = PBXFileReference; fileEncoding = 4; lastKnownFileType = sourcecode.c.h; path = "Foundation+CWAdditions.h"; sourceTree = "<group>"; };
		A0822E3E19B1AF1900A3DB53 /* NSArray+CWAdditions.h */ = {isa = PBXFileReference; fileEncoding = 4; lastKnownFileType = sourcecode.c.h; path = "NSArray+CWAdditions.h"; sourceTree = "<group>"; };
		A0822E3F19B1AF1900A3DB53 /* NSArray+CWAdditions.m */ = {isa = PBXFileReference; fileEncoding = 4; lastKnownFileType = sourcecode.c.objc; path = "NSArray+CWAdditions.m"; sourceTree = "<group>"; };
		A0822E4019B1AF1900A3DB53 /* NSMutableAttributedString+CWAdditions.h */ = {isa = PBXFileReference; fileEncoding = 4; lastKnownFileType = sourcecode.c.h; path = "NSMutableAttributedString+CWAdditions.h"; sourceTree = "<group>"; };
		A0822E4119B1AF1900A3DB53 /* NSMutableAttributedString+CWAdditions.m */ = {isa = PBXFileReference; fileEncoding = 4; lastKnownFileType = sourcecode.c.objc; path = "NSMutableAttributedString+CWAdditions.m"; sourceTree = "<group>"; };
		A0822E4219B1AF1900A3DB53 /* NSNotification+CWAdditions.h */ = {isa = PBXFileReference; fileEncoding = 4; lastKnownFileType = sourcecode.c.h; path = "NSNotification+CWAdditions.h"; sourceTree = "<group>"; };
		A0822E4319B1AF1900A3DB53 /* NSNotification+CWAdditions.m */ = {isa = PBXFileReference; fileEncoding = 4; lastKnownFileType = sourcecode.c.objc; path = "NSNotification+CWAdditions.m"; sourceTree = "<group>"; };
		A0822E4419B1AF1900A3DB53 /* NSNotificationCenter+CWAdditions.h */ = {isa = PBXFileReference; fileEncoding = 4; lastKnownFileType = sourcecode.c.h; path = "NSNotificationCenter+CWAdditions.h"; sourceTree = "<group>"; };
		A0822E4519B1AF1900A3DB53 /* NSNotificationCenter+CWAdditions.m */ = {isa = PBXFileReference; fileEncoding = 4; lastKnownFileType = sourcecode.c.objc; path = "NSNotificationCenter+CWAdditions.m"; sourceTree = "<group>"; };
		A0822E4619B1AF1900A3DB53 /* NSString+CWAdditions.h */ = {isa = PBXFileReference; fileEncoding = 4; lastKnownFileType = sourcecode.c.h; path = "NSString+CWAdditions.h"; sourceTree = "<group>"; };
		A0822E4719B1AF1900A3DB53 /* NSString+CWAdditions.m */ = {isa = PBXFileReference; fileEncoding = 4; lastKnownFileType = sourcecode.c.objc; path = "NSString+CWAdditions.m"; sourceTree = "<group>"; };
		A0822E4919B1AF1900A3DB53 /* UIApplication+CWAdditions.h */ = {isa = PBXFileReference; fileEncoding = 4; lastKnownFileType = sourcecode.c.h; path = "UIApplication+CWAdditions.h"; sourceTree = "<group>"; };
		A0822E4A19B1AF1900A3DB53 /* UIApplication+CWAdditions.m */ = {isa = PBXFileReference; fileEncoding = 4; lastKnownFileType = sourcecode.c.objc; path = "UIApplication+CWAdditions.m"; sourceTree = "<group>"; };
		A0822E4B19B1AF1900A3DB53 /* UIColor+CWAdditions.h */ = {isa = PBXFileReference; fileEncoding = 4; lastKnownFileType = sourcecode.c.h; path = "UIColor+CWAdditions.h"; sourceTree = "<group>"; };
		A0822E4C19B1AF1900A3DB53 /* UIColor+CWAdditions.m */ = {isa = PBXFileReference; fileEncoding = 4; lastKnownFileType = sourcecode.c.objc; path = "UIColor+CWAdditions.m"; sourceTree = "<group>"; };
		A0822E4D19B1AF1900A3DB53 /* UIKit+CWAdditions.h */ = {isa = PBXFileReference; fileEncoding = 4; lastKnownFileType = sourcecode.c.h; path = "UIKit+CWAdditions.h"; sourceTree = "<group>"; };
		A0822E4E19B1AF1900A3DB53 /* UINavigationController+CWAdditions.h */ = {isa = PBXFileReference; fileEncoding = 4; lastKnownFileType = sourcecode.c.h; path = "UINavigationController+CWAdditions.h"; sourceTree = "<group>"; };
		A0822E4F19B1AF1900A3DB53 /* UINavigationController+CWAdditions.m */ = {isa = PBXFileReference; fileEncoding = 4; lastKnownFileType = sourcecode.c.objc; path = "UINavigationController+CWAdditions.m"; sourceTree = "<group>"; };
		A0822E5019B1AF1900A3DB53 /* UIScrollView+CWAdditions.h */ = {isa = PBXFileReference; fileEncoding = 4; lastKnownFileType = sourcecode.c.h; path = "UIScrollView+CWAdditions.h"; sourceTree = "<group>"; };
		A0822E5119B1AF1900A3DB53 /* UIScrollView+CWAdditions.m */ = {isa = PBXFileReference; fileEncoding = 4; lastKnownFileType = sourcecode.c.objc; path = "UIScrollView+CWAdditions.m"; sourceTree = "<group>"; };
		A0822E5219B1AF1900A3DB53 /* UIView+CWAdditions.h */ = {isa = PBXFileReference; fileEncoding = 4; lastKnownFileType = sourcecode.c.h; path = "UIView+CWAdditions.h"; sourceTree = "<group>"; };
		A0822E5319B1AF1900A3DB53 /* UIView+CWAdditions.m */ = {isa = PBXFileReference; fileEncoding = 4; lastKnownFileType = sourcecode.c.objc; path = "UIView+CWAdditions.m"; sourceTree = "<group>"; };
		A0822E5419B1AF1900A3DB53 /* UIWebView+CWAdditions.h */ = {isa = PBXFileReference; fileEncoding = 4; lastKnownFileType = sourcecode.c.h; path = "UIWebView+CWAdditions.h"; sourceTree = "<group>"; };
		A0822E5519B1AF1900A3DB53 /* UIWebView+CWAdditions.m */ = {isa = PBXFileReference; fileEncoding = 4; lastKnownFileType = sourcecode.c.objc; path = "UIWebView+CWAdditions.m"; sourceTree = "<group>"; };
		A0822E6419B21EE200A3DB53 /* CWActionSheet.h */ = {isa = PBXFileReference; fileEncoding = 4; lastKnownFileType = sourcecode.c.h; path = CWActionSheet.h; sourceTree = "<group>"; };
		A0822E6519B21EE200A3DB53 /* CWActionSheet.m */ = {isa = PBXFileReference; fileEncoding = 4; lastKnownFileType = sourcecode.c.objc; path = CWActionSheet.m; sourceTree = "<group>"; };
		A0822E6719B21EF500A3DB53 /* CWAlertView.h */ = {isa = PBXFileReference; fileEncoding = 4; lastKnownFileType = sourcecode.c.h; path = CWAlertView.h; sourceTree = "<group>"; };
		A0822E6819B21EF500A3DB53 /* CWAlertView.m */ = {isa = PBXFileReference; fileEncoding = 4; lastKnownFileType = sourcecode.c.objc; path = CWAlertView.m; sourceTree = "<group>"; };
		A0822E6A19B21F2C00A3DB53 /* CWBlockFunctions.h */ = {isa = PBXFileReference; fileEncoding = 4; lastKnownFileType = sourcecode.c.h; path = CWBlockFunctions.h; sourceTree = "<group>"; };
		A0822E6B19B21F2C00A3DB53 /* CWBlockFunctions.m */ = {isa = PBXFileReference; fileEncoding = 4; lastKnownFileType = sourcecode.c.objc; path = CWBlockFunctions.m; sourceTree = "<group>"; };
		A0822E6E19B2273E00A3DB53 /* CWImagePickerController.h */ = {isa = PBXFileReference; fileEncoding = 4; lastKnownFileType = sourcecode.c.h; path = CWImagePickerController.h; sourceTree = "<group>"; };
		A0822E6F19B2273E00A3DB53 /* CWImagePickerController.m */ = {isa = PBXFileReference; fileEncoding = 4; lastKnownFileType = sourcecode.c.objc; path = CWImagePickerController.m; sourceTree = "<group>"; };
		A0822E7019B2273E00A3DB53 /* CWFieldValidation.h */ = {isa = PBXFileReference; fileEncoding = 4; lastKnownFileType = sourcecode.c.h; path = CWFieldValidation.h; sourceTree = "<group>"; };
		A0822E7119B2273E00A3DB53 /* CWFieldValidation.m */ = {isa = PBXFileReference; fileEncoding = 4; lastKnownFileType = sourcecode.c.objc; path = CWFieldValidation.m; sourceTree = "<group>"; };
		A0822E7419B227B800A3DB53 /* CWObjectCache.h */ = {isa = PBXFileReference; fileEncoding = 4; lastKnownFileType = sourcecode.c.h; path = CWObjectCache.h; sourceTree = "<group>"; };
		A0822E7519B227B800A3DB53 /* CWObjectCache.m */ = {isa = PBXFileReference; fileEncoding = 4; lastKnownFileType = sourcecode.c.objc; path = CWObjectCache.m; sourceTree = "<group>"; };
		A0822E7719B2286800A3DB53 /* CWHTTPFetcher.h */ = {isa = PBXFileReference; fileEncoding = 4; lastKnownFileType = sourcecode.c.h; path = CWHTTPFetcher.h; sourceTree = "<group>"; };
		A0822E7819B2286800A3DB53 /* CWHTTPFetcher.m */ = {isa = PBXFileReference; fileEncoding = 4; lastKnownFileType = sourcecode.c.objc; path = CWHTTPFetcher.m; sourceTree = "<group>"; };
		A0822E7A19B22A2600A3DB53 /* CWUtilities.h */ = {isa = PBXFileReference; fileEncoding = 4; lastKnownFileType = sourcecode.c.h; path = CWUtilities.h; sourceTree = "<group>"; };
		A0E6454819AF66FB00A6731E /* CWFoundation.app */ = {isa = PBXFileReference; explicitFileType = wrapper.application; includeInIndex = 0; path = CWFoundation.app; sourceTree = BUILT_PRODUCTS_DIR; };
		A0E6454B19AF66FB00A6731E /* Foundation.framework */ = {isa = PBXFileReference; lastKnownFileType = wrapper.framework; name = Foundation.framework; path = System/Library/Frameworks/Foundation.framework; sourceTree = SDKROOT; };
		A0E6454D19AF66FB00A6731E /* CoreGraphics.framework */ = {isa = PBXFileReference; lastKnownFileType = wrapper.framework; name = CoreGraphics.framework; path = System/Library/Frameworks/CoreGraphics.framework; sourceTree = SDKROOT; };
		A0E6454F19AF66FB00A6731E /* UIKit.framework */ = {isa = PBXFileReference; lastKnownFileType = wrapper.framework; name = UIKit.framework; path = System/Library/Frameworks/UIKit.framework; sourceTree = SDKROOT; };
		A0E6456319AF66FB00A6731E /* CWFoundationTests.xctest */ = {isa = PBXFileReference; explicitFileType = wrapper.cfbundle; includeInIndex = 0; path = CWFoundationTests.xctest; sourceTree = BUILT_PRODUCTS_DIR; };
		A0E6456419AF66FB00A6731E /* XCTest.framework */ = {isa = PBXFileReference; lastKnownFileType = wrapper.framework; name = XCTest.framework; path = Library/Frameworks/XCTest.framework; sourceTree = DEVELOPER_DIR; };
		A0E6456C19AF66FB00A6731E /* CWFoundationTests-Info.plist */ = {isa = PBXFileReference; lastKnownFileType = text.plist.xml; path = "CWFoundationTests-Info.plist"; sourceTree = "<group>"; };
		A0E6456E19AF66FB00A6731E /* en */ = {isa = PBXFileReference; lastKnownFileType = text.plist.strings; name = en; path = en.lproj/InfoPlist.strings; sourceTree = "<group>"; };
		A0E6457019AF66FB00A6731E /* CWFoundationTests.m */ = {isa = PBXFileReference; lastKnownFileType = sourcecode.c.objc; path = CWFoundationTests.m; sourceTree = "<group>"; };
		A0E6457B19AF67AA00A6731E /* CWAppDelegate.h */ = {isa = PBXFileReference; fileEncoding = 4; lastKnownFileType = sourcecode.c.h; path = CWAppDelegate.h; sourceTree = "<group>"; };
		A0E6457C19AF67AA00A6731E /* CWAppDelegate.m */ = {isa = PBXFileReference; fileEncoding = 4; lastKnownFileType = sourcecode.c.objc; path = CWAppDelegate.m; sourceTree = "<group>"; };
		A0E6457D19AF67AA00A6731E /* CWFoundation-Info.plist */ = {isa = PBXFileReference; fileEncoding = 4; lastKnownFileType = text.plist.xml; path = "CWFoundation-Info.plist"; sourceTree = "<group>"; };
		A0E6457E19AF67AA00A6731E /* CWFoundation-Prefix.pch */ = {isa = PBXFileReference; fileEncoding = 4; lastKnownFileType = sourcecode.c.h; path = "CWFoundation-Prefix.pch"; sourceTree = "<group>"; };
		A0E6458019AF67AA00A6731E /* en */ = {isa = PBXFileReference; lastKnownFileType = text.plist.strings; name = en; path = en.lproj/InfoPlist.strings; sourceTree = "<group>"; };
		A0E6458119AF67AA00A6731E /* Images.xcassets */ = {isa = PBXFileReference; lastKnownFileType = folder.assetcatalog; path = Images.xcassets; sourceTree = "<group>"; };
		A0E6458219AF67AA00A6731E /* main.m */ = {isa = PBXFileReference; fileEncoding = 4; lastKnownFileType = sourcecode.c.objc; path = main.m; sourceTree = "<group>"; };
		BC5D71B31A052AE00094B82F /* NSError+CWAdditions.h */ = {isa = PBXFileReference; fileEncoding = 4; lastKnownFileType = sourcecode.c.h; path = "NSError+CWAdditions.h"; sourceTree = "<group>"; };
		BC5D71B41A052AE00094B82F /* NSError+CWAdditions.m */ = {isa = PBXFileReference; fileEncoding = 4; lastKnownFileType = sourcecode.c.objc; path = "NSError+CWAdditions.m"; sourceTree = "<group>"; };
/* End PBXFileReference section */

/* Begin PBXFrameworksBuildPhase section */
		A0E6454519AF66FB00A6731E /* Frameworks */ = {
			isa = PBXFrameworksBuildPhase;
			buildActionMask = 2147483647;
			files = (
				A0E6454E19AF66FB00A6731E /* CoreGraphics.framework in Frameworks */,
				A0E6455019AF66FB00A6731E /* UIKit.framework in Frameworks */,
				A0E6454C19AF66FB00A6731E /* Foundation.framework in Frameworks */,
			);
			runOnlyForDeploymentPostprocessing = 0;
		};
		A0E6456019AF66FB00A6731E /* Frameworks */ = {
			isa = PBXFrameworksBuildPhase;
			buildActionMask = 2147483647;
			files = (
				A0E6456519AF66FB00A6731E /* XCTest.framework in Frameworks */,
				A0E6456719AF66FB00A6731E /* UIKit.framework in Frameworks */,
				A0E6456619AF66FB00A6731E /* Foundation.framework in Frameworks */,
			);
			runOnlyForDeploymentPostprocessing = 0;
		};
/* End PBXFrameworksBuildPhase section */

/* Begin PBXGroup section */
		A0822E3819B1AF1900A3DB53 /* CWFoundation */ = {
			isa = PBXGroup;
			children = (
				A0822E3919B1AF1900A3DB53 /* CWFoundation.h */,
				A0822E6319B21ED000A3DB53 /* Utilities */,
				A0822E3A19B1AF1900A3DB53 /* Foundation+CWAdditions */,
				A0822E4819B1AF1900A3DB53 /* UIKit+CWAdditions */,
			);
			path = CWFoundation;
			sourceTree = "<group>";
		};
		A0822E3A19B1AF1900A3DB53 /* Foundation+CWAdditions */ = {
			isa = PBXGroup;
			children = (
				A0822E3D19B1AF1900A3DB53 /* Foundation+CWAdditions.h */,
				A0822E3B19B1AF1900A3DB53 /* CWFoundationConstans.h */,
				A0822E3C19B1AF1900A3DB53 /* CWFoundationConstans.m */,
				A0822E3E19B1AF1900A3DB53 /* NSArray+CWAdditions.h */,
				A0822E3F19B1AF1900A3DB53 /* NSArray+CWAdditions.m */,
				A0822E4019B1AF1900A3DB53 /* NSMutableAttributedString+CWAdditions.h */,
				A0822E4119B1AF1900A3DB53 /* NSMutableAttributedString+CWAdditions.m */,
				A0822E4219B1AF1900A3DB53 /* NSNotification+CWAdditions.h */,
				A0822E4319B1AF1900A3DB53 /* NSNotification+CWAdditions.m */,
				A0822E4419B1AF1900A3DB53 /* NSNotificationCenter+CWAdditions.h */,
				A0822E4519B1AF1900A3DB53 /* NSNotificationCenter+CWAdditions.m */,
				A0822E4619B1AF1900A3DB53 /* NSString+CWAdditions.h */,
				A0822E4719B1AF1900A3DB53 /* NSString+CWAdditions.m */,
				BC5D71B31A052AE00094B82F /* NSError+CWAdditions.h */,
				BC5D71B41A052AE00094B82F /* NSError+CWAdditions.m */,
			);
			path = "Foundation+CWAdditions";
			sourceTree = "<group>";
		};
		A0822E4819B1AF1900A3DB53 /* UIKit+CWAdditions */ = {
			isa = PBXGroup;
			children = (
				A0822E4919B1AF1900A3DB53 /* UIApplication+CWAdditions.h */,
				A0822E4A19B1AF1900A3DB53 /* UIApplication+CWAdditions.m */,
				A0822E4B19B1AF1900A3DB53 /* UIColor+CWAdditions.h */,
				A0822E4C19B1AF1900A3DB53 /* UIColor+CWAdditions.m */,
				A0822E4D19B1AF1900A3DB53 /* UIKit+CWAdditions.h */,
				A0822E4E19B1AF1900A3DB53 /* UINavigationController+CWAdditions.h */,
				A0822E4F19B1AF1900A3DB53 /* UINavigationController+CWAdditions.m */,
				A0822E5019B1AF1900A3DB53 /* UIScrollView+CWAdditions.h */,
				A0822E5119B1AF1900A3DB53 /* UIScrollView+CWAdditions.m */,
				A0822E5219B1AF1900A3DB53 /* UIView+CWAdditions.h */,
				A0822E5319B1AF1900A3DB53 /* UIView+CWAdditions.m */,
				A0822E5419B1AF1900A3DB53 /* UIWebView+CWAdditions.h */,
				A0822E5519B1AF1900A3DB53 /* UIWebView+CWAdditions.m */,
				418D4B1A19E68B4E007D60BD /* UIImage+CWAdditions.h */,
				418D4B1B19E68B4E007D60BD /* UIImage+CWAdditions.m */,
				418D4B1D19E68BEE007D60BD /* UITextField+CWAdditions.h */,
				418D4B1E19E68BEE007D60BD /* UITextField+CWAdditions.m */,
			);
			path = "UIKit+CWAdditions";
			sourceTree = "<group>";
		};
		A0822E6319B21ED000A3DB53 /* Utilities */ = {
			isa = PBXGroup;
			children = (
				418D4B1719E68B21007D60BD /* CWPlaceholderTextView.h */,
				418D4B1819E68B21007D60BD /* CWPlaceholderTextView.m */,
				A0822E7A19B22A2600A3DB53 /* CWUtilities.h */,
				A0822E6A19B21F2C00A3DB53 /* CWBlockFunctions.h */,
				A0822E6B19B21F2C00A3DB53 /* CWBlockFunctions.m */,
				A0822E6419B21EE200A3DB53 /* CWActionSheet.h */,
				A0822E6519B21EE200A3DB53 /* CWActionSheet.m */,
				A0822E6719B21EF500A3DB53 /* CWAlertView.h */,
				A0822E6819B21EF500A3DB53 /* CWAlertView.m */,
				A0822E6E19B2273E00A3DB53 /* CWImagePickerController.h */,
				A0822E6F19B2273E00A3DB53 /* CWImagePickerController.m */,
				A0822E7019B2273E00A3DB53 /* CWFieldValidation.h */,
				A0822E7119B2273E00A3DB53 /* CWFieldValidation.m */,
				A0822E7419B227B800A3DB53 /* CWObjectCache.h */,
				A0822E7519B227B800A3DB53 /* CWObjectCache.m */,
				A0822E7719B2286800A3DB53 /* CWHTTPFetcher.h */,
				A0822E7819B2286800A3DB53 /* CWHTTPFetcher.m */,
			);
			path = Utilities;
			sourceTree = "<group>";
		};
		A0E6453F19AF66FB00A6731E = {
			isa = PBXGroup;
			children = (
				A0822E3819B1AF1900A3DB53 /* CWFoundation */,
				A0E6457A19AF67AA00A6731E /* Example */,
				A0E6456A19AF66FB00A6731E /* CWFoundationTests */,
				A0E6454A19AF66FB00A6731E /* Frameworks */,
				A0E6454919AF66FB00A6731E /* Products */,
			);
			sourceTree = "<group>";
		};
		A0E6454919AF66FB00A6731E /* Products */ = {
			isa = PBXGroup;
			children = (
				A0E6454819AF66FB00A6731E /* CWFoundation.app */,
				A0E6456319AF66FB00A6731E /* CWFoundationTests.xctest */,
			);
			name = Products;
			sourceTree = "<group>";
		};
		A0E6454A19AF66FB00A6731E /* Frameworks */ = {
			isa = PBXGroup;
			children = (
				A0E6454B19AF66FB00A6731E /* Foundation.framework */,
				A0E6454D19AF66FB00A6731E /* CoreGraphics.framework */,
				A0E6454F19AF66FB00A6731E /* UIKit.framework */,
				A0E6456419AF66FB00A6731E /* XCTest.framework */,
			);
			name = Frameworks;
			sourceTree = "<group>";
		};
		A0E6456A19AF66FB00A6731E /* CWFoundationTests */ = {
			isa = PBXGroup;
			children = (
				A0E6457019AF66FB00A6731E /* CWFoundationTests.m */,
				A0E6456B19AF66FB00A6731E /* Supporting Files */,
			);
			path = CWFoundationTests;
			sourceTree = "<group>";
		};
		A0E6456B19AF66FB00A6731E /* Supporting Files */ = {
			isa = PBXGroup;
			children = (
				A0E6456C19AF66FB00A6731E /* CWFoundationTests-Info.plist */,
				A0E6456D19AF66FB00A6731E /* InfoPlist.strings */,
			);
			name = "Supporting Files";
			sourceTree = "<group>";
		};
		A0E6457A19AF67AA00A6731E /* Example */ = {
			isa = PBXGroup;
			children = (
				A0E6457B19AF67AA00A6731E /* CWAppDelegate.h */,
				A0E6457C19AF67AA00A6731E /* CWAppDelegate.m */,
				A0E6458119AF67AA00A6731E /* Images.xcassets */,
				A0E6458819AF67B300A6731E /* Supporting Files */,
			);
			path = Example;
			sourceTree = "<group>";
		};
		A0E6458819AF67B300A6731E /* Supporting Files */ = {
			isa = PBXGroup;
			children = (
				A0E6457D19AF67AA00A6731E /* CWFoundation-Info.plist */,
				A0E6457E19AF67AA00A6731E /* CWFoundation-Prefix.pch */,
				A0E6457F19AF67AA00A6731E /* InfoPlist.strings */,
				A0E6458219AF67AA00A6731E /* main.m */,
			);
			name = "Supporting Files";
			sourceTree = "<group>";
		};
/* End PBXGroup section */

/* Begin PBXNativeTarget section */
		A0E6454719AF66FB00A6731E /* CWFoundation */ = {
			isa = PBXNativeTarget;
			buildConfigurationList = A0E6457419AF66FB00A6731E /* Build configuration list for PBXNativeTarget "CWFoundation" */;
			buildPhases = (
				A0E6454419AF66FB00A6731E /* Sources */,
				A0E6454519AF66FB00A6731E /* Frameworks */,
				A0E6454619AF66FB00A6731E /* Resources */,
			);
			buildRules = (
			);
			dependencies = (
			);
			name = CWFoundation;
			productName = CWFoundation;
			productReference = A0E6454819AF66FB00A6731E /* CWFoundation.app */;
			productType = "com.apple.product-type.application";
		};
		A0E6456219AF66FB00A6731E /* CWFoundationTests */ = {
			isa = PBXNativeTarget;
			buildConfigurationList = A0E6457719AF66FB00A6731E /* Build configuration list for PBXNativeTarget "CWFoundationTests" */;
			buildPhases = (
				A0E6455F19AF66FB00A6731E /* Sources */,
				A0E6456019AF66FB00A6731E /* Frameworks */,
				A0E6456119AF66FB00A6731E /* Resources */,
			);
			buildRules = (
			);
			dependencies = (
				A0E6456919AF66FB00A6731E /* PBXTargetDependency */,
			);
			name = CWFoundationTests;
			productName = CWFoundationTests;
			productReference = A0E6456319AF66FB00A6731E /* CWFoundationTests.xctest */;
			productType = "com.apple.product-type.bundle.unit-test";
		};
/* End PBXNativeTarget section */

/* Begin PBXProject section */
		A0E6454019AF66FB00A6731E /* Project object */ = {
			isa = PBXProject;
			attributes = {
				CLASSPREFIX = CW;
				LastUpgradeCheck = 0510;
				ORGANIZATIONNAME = CocoaWind;
				TargetAttributes = {
					A0E6456219AF66FB00A6731E = {
						TestTargetID = A0E6454719AF66FB00A6731E;
					};
				};
			};
			buildConfigurationList = A0E6454319AF66FB00A6731E /* Build configuration list for PBXProject "CWFoundation" */;
			compatibilityVersion = "Xcode 3.2";
			developmentRegion = English;
			hasScannedForEncodings = 0;
			knownRegions = (
				en,
			);
			mainGroup = A0E6453F19AF66FB00A6731E;
			productRefGroup = A0E6454919AF66FB00A6731E /* Products */;
			projectDirPath = "";
			projectRoot = "";
			targets = (
				A0E6454719AF66FB00A6731E /* CWFoundation */,
				A0E6456219AF66FB00A6731E /* CWFoundationTests */,
			);
		};
/* End PBXProject section */

/* Begin PBXResourcesBuildPhase section */
		A0E6454619AF66FB00A6731E /* Resources */ = {
			isa = PBXResourcesBuildPhase;
			buildActionMask = 2147483647;
			files = (
				A0E6458619AF67AA00A6731E /* Images.xcassets in Resources */,
				A0E6458519AF67AA00A6731E /* InfoPlist.strings in Resources */,
			);
			runOnlyForDeploymentPostprocessing = 0;
		};
		A0E6456119AF66FB00A6731E /* Resources */ = {
			isa = PBXResourcesBuildPhase;
			buildActionMask = 2147483647;
			files = (
				A0E6456F19AF66FB00A6731E /* InfoPlist.strings in Resources */,
			);
			runOnlyForDeploymentPostprocessing = 0;
		};
/* End PBXResourcesBuildPhase section */

/* Begin PBXSourcesBuildPhase section */
		A0E6454419AF66FB00A6731E /* Sources */ = {
			isa = PBXSourcesBuildPhase;
			buildActionMask = 2147483647;
			files = (
				A0822E5819B1AF1900A3DB53 /* NSMutableAttributedString+CWAdditions.m in Sources */,
				A0822E7919B2286800A3DB53 /* CWHTTPFetcher.m in Sources */,
				A0822E6119B1AF1900A3DB53 /* UIWebView+CWAdditions.m in Sources */,
				418D4B1919E68B21007D60BD /* CWPlaceholderTextView.m in Sources */,
				A0822E5719B1AF1900A3DB53 /* NSArray+CWAdditions.m in Sources */,
				A0822E5C19B1AF1900A3DB53 /* UIApplication+CWAdditions.m in Sources */,
				A0822E6619B21EE200A3DB53 /* CWActionSheet.m in Sources */,
				A0822E6919B21EF500A3DB53 /* CWAlertView.m in Sources */,
				A0822E5D19B1AF1900A3DB53 /* UIColor+CWAdditions.m in Sources */,
				A0822E5619B1AF1900A3DB53 /* CWFoundationConstans.m in Sources */,
				A0E6458319AF67AA00A6731E /* CWAppDelegate.m in Sources */,
				A0822E7319B2273E00A3DB53 /* CWFieldValidation.m in Sources */,
				A0822E7619B227B800A3DB53 /* CWObjectCache.m in Sources */,
				A0822E6019B1AF1900A3DB53 /* UIView+CWAdditions.m in Sources */,
				A0E6458719AF67AA00A6731E /* main.m in Sources */,
				418D4B1F19E68BEE007D60BD /* UITextField+CWAdditions.m in Sources */,
				BC5D71B51A052AE00094B82F /* NSError+CWAdditions.m in Sources */,
				A0822E5B19B1AF1900A3DB53 /* NSString+CWAdditions.m in Sources */,
				A0822E5919B1AF1900A3DB53 /* NSNotification+CWAdditions.m in Sources */,
				A0822E5F19B1AF1900A3DB53 /* UIScrollView+CWAdditions.m in Sources */,
				A0822E7219B2273E00A3DB53 /* CWImagePickerController.m in Sources */,
				A0822E6C19B21F2C00A3DB53 /* CWBlockFunctions.m in Sources */,
				A0822E5E19B1AF1900A3DB53 /* UINavigationController+CWAdditions.m in Sources */,
				A0822E5A19B1AF1900A3DB53 /* NSNotificationCenter+CWAdditions.m in Sources */,
				418D4B1C19E68B4E007D60BD /* UIImage+CWAdditions.m in Sources */,
			);
			runOnlyForDeploymentPostprocessing = 0;
		};
		A0E6455F19AF66FB00A6731E /* Sources */ = {
			isa = PBXSourcesBuildPhase;
			buildActionMask = 2147483647;
			files = (
				A0E6457119AF66FB00A6731E /* CWFoundationTests.m in Sources */,
			);
			runOnlyForDeploymentPostprocessing = 0;
		};
/* End PBXSourcesBuildPhase section */

/* Begin PBXTargetDependency section */
		A0E6456919AF66FB00A6731E /* PBXTargetDependency */ = {
			isa = PBXTargetDependency;
			target = A0E6454719AF66FB00A6731E /* CWFoundation */;
			targetProxy = A0E6456819AF66FB00A6731E /* PBXContainerItemProxy */;
		};
/* End PBXTargetDependency section */

/* Begin PBXVariantGroup section */
		A0E6456D19AF66FB00A6731E /* InfoPlist.strings */ = {
			isa = PBXVariantGroup;
			children = (
				A0E6456E19AF66FB00A6731E /* en */,
			);
			name = InfoPlist.strings;
			sourceTree = "<group>";
		};
		A0E6457F19AF67AA00A6731E /* InfoPlist.strings */ = {
			isa = PBXVariantGroup;
			children = (
				A0E6458019AF67AA00A6731E /* en */,
			);
			name = InfoPlist.strings;
			sourceTree = "<group>";
		};
/* End PBXVariantGroup section */

/* Begin XCBuildConfiguration section */
		A0E6457219AF66FB00A6731E /* Debug */ = {
			isa = XCBuildConfiguration;
			buildSettings = {
				ALWAYS_SEARCH_USER_PATHS = NO;
				CLANG_CXX_LANGUAGE_STANDARD = "gnu++0x";
				CLANG_CXX_LIBRARY = "libc++";
				CLANG_ENABLE_MODULES = YES;
				CLANG_ENABLE_OBJC_ARC = YES;
				CLANG_WARN_BOOL_CONVERSION = YES;
				CLANG_WARN_CONSTANT_CONVERSION = YES;
				CLANG_WARN_DIRECT_OBJC_ISA_USAGE = YES_ERROR;
				CLANG_WARN_EMPTY_BODY = YES;
				CLANG_WARN_ENUM_CONVERSION = YES;
				CLANG_WARN_INT_CONVERSION = YES;
				CLANG_WARN_OBJC_ROOT_CLASS = YES_ERROR;
				CLANG_WARN__DUPLICATE_METHOD_MATCH = YES;
				"CODE_SIGN_IDENTITY[sdk=iphoneos*]" = "iPhone Developer";
				COPY_PHASE_STRIP = NO;
				GCC_C_LANGUAGE_STANDARD = gnu99;
				GCC_DYNAMIC_NO_PIC = NO;
				GCC_OPTIMIZATION_LEVEL = 0;
				GCC_PREPROCESSOR_DEFINITIONS = (
					"DEBUG=1",
					"$(inherited)",
				);
				GCC_SYMBOLS_PRIVATE_EXTERN = NO;
				GCC_WARN_64_TO_32_BIT_CONVERSION = YES;
				GCC_WARN_ABOUT_RETURN_TYPE = YES_ERROR;
				GCC_WARN_UNDECLARED_SELECTOR = YES;
				GCC_WARN_UNINITIALIZED_AUTOS = YES_AGGRESSIVE;
				GCC_WARN_UNUSED_FUNCTION = YES;
				GCC_WARN_UNUSED_VARIABLE = YES;
				IPHONEOS_DEPLOYMENT_TARGET = 7.1;
				ONLY_ACTIVE_ARCH = YES;
				SDKROOT = iphoneos;
				TARGETED_DEVICE_FAMILY = "1,2";
			};
			name = Debug;
		};
		A0E6457319AF66FB00A6731E /* Release */ = {
			isa = XCBuildConfiguration;
			buildSettings = {
				ALWAYS_SEARCH_USER_PATHS = NO;
				CLANG_CXX_LANGUAGE_STANDARD = "gnu++0x";
				CLANG_CXX_LIBRARY = "libc++";
				CLANG_ENABLE_MODULES = YES;
				CLANG_ENABLE_OBJC_ARC = YES;
				CLANG_WARN_BOOL_CONVERSION = YES;
				CLANG_WARN_CONSTANT_CONVERSION = YES;
				CLANG_WARN_DIRECT_OBJC_ISA_USAGE = YES_ERROR;
				CLANG_WARN_EMPTY_BODY = YES;
				CLANG_WARN_ENUM_CONVERSION = YES;
				CLANG_WARN_INT_CONVERSION = YES;
				CLANG_WARN_OBJC_ROOT_CLASS = YES_ERROR;
				CLANG_WARN__DUPLICATE_METHOD_MATCH = YES;
				"CODE_SIGN_IDENTITY[sdk=iphoneos*]" = "iPhone Developer";
				COPY_PHASE_STRIP = YES;
				ENABLE_NS_ASSERTIONS = NO;
				GCC_C_LANGUAGE_STANDARD = gnu99;
				GCC_WARN_64_TO_32_BIT_CONVERSION = YES;
				GCC_WARN_ABOUT_RETURN_TYPE = YES_ERROR;
				GCC_WARN_UNDECLARED_SELECTOR = YES;
				GCC_WARN_UNINITIALIZED_AUTOS = YES_AGGRESSIVE;
				GCC_WARN_UNUSED_FUNCTION = YES;
				GCC_WARN_UNUSED_VARIABLE = YES;
				IPHONEOS_DEPLOYMENT_TARGET = 7.1;
				SDKROOT = iphoneos;
				TARGETED_DEVICE_FAMILY = "1,2";
				VALIDATE_PRODUCT = YES;
			};
			name = Release;
		};
		A0E6457519AF66FB00A6731E /* Debug */ = {
			isa = XCBuildConfiguration;
			buildSettings = {
				ASSETCATALOG_COMPILER_APPICON_NAME = AppIcon;
				ASSETCATALOG_COMPILER_LAUNCHIMAGE_NAME = LaunchImage;
				GCC_PRECOMPILE_PREFIX_HEADER = YES;
				GCC_PREFIX_HEADER = "Example/CWFoundation-Prefix.pch";
				INFOPLIST_FILE = "Example/CWFoundation-Info.plist";
				PRODUCT_NAME = "$(TARGET_NAME)";
				USER_HEADER_SEARCH_PATHS = "";
				WRAPPER_EXTENSION = app;
			};
			name = Debug;
		};
		A0E6457619AF66FB00A6731E /* Release */ = {
			isa = XCBuildConfiguration;
			buildSettings = {
				ASSETCATALOG_COMPILER_APPICON_NAME = AppIcon;
				ASSETCATALOG_COMPILER_LAUNCHIMAGE_NAME = LaunchImage;
				GCC_PRECOMPILE_PREFIX_HEADER = YES;
				GCC_PREFIX_HEADER = "Example/CWFoundation-Prefix.pch";
				INFOPLIST_FILE = "Example/CWFoundation-Info.plist";
				PRODUCT_NAME = "$(TARGET_NAME)";
				USER_HEADER_SEARCH_PATHS = "";
				WRAPPER_EXTENSION = app;
			};
			name = Release;
		};
		A0E6457819AF66FB00A6731E /* Debug */ = {
			isa = XCBuildConfiguration;
			buildSettings = {
				BUNDLE_LOADER = "$(BUILT_PRODUCTS_DIR)/CWFoundation.app/CWFoundation";
				FRAMEWORK_SEARCH_PATHS = (
					"$(SDKROOT)/Developer/Library/Frameworks",
					"$(inherited)",
					"$(DEVELOPER_FRAMEWORKS_DIR)",
				);
				GCC_PRECOMPILE_PREFIX_HEADER = YES;
				GCC_PREFIX_HEADER = "CWFoundation/CWFoundation-Prefix.pch";
				GCC_PREPROCESSOR_DEFINITIONS = (
					"DEBUG=1",
					"$(inherited)",
				);
				INFOPLIST_FILE = "CWFoundationTests/CWFoundationTests-Info.plist";
				PRODUCT_NAME = "$(TARGET_NAME)";
				TEST_HOST = "$(BUNDLE_LOADER)";
				WRAPPER_EXTENSION = xctest;
			};
			name = Debug;
		};
		A0E6457919AF66FB00A6731E /* Release */ = {
			isa = XCBuildConfiguration;
			buildSettings = {
				BUNDLE_LOADER = "$(BUILT_PRODUCTS_DIR)/CWFoundation.app/CWFoundation";
				FRAMEWORK_SEARCH_PATHS = (
					"$(SDKROOT)/Developer/Library/Frameworks",
					"$(inherited)",
					"$(DEVELOPER_FRAMEWORKS_DIR)",
				);
				GCC_PRECOMPILE_PREFIX_HEADER = YES;
				GCC_PREFIX_HEADER = "CWFoundation/CWFoundation-Prefix.pch";
				INFOPLIST_FILE = "CWFoundationTests/CWFoundationTests-Info.plist";
				PRODUCT_NAME = "$(TARGET_NAME)";
				TEST_HOST = "$(BUNDLE_LOADER)";
				WRAPPER_EXTENSION = xctest;
			};
			name = Release;
		};
/* End XCBuildConfiguration section */

/* Begin XCConfigurationList section */
		A0E6454319AF66FB00A6731E /* Build configuration list for PBXProject "CWFoundation" */ = {
			isa = XCConfigurationList;
			buildConfigurations = (
				A0E6457219AF66FB00A6731E /* Debug */,
				A0E6457319AF66FB00A6731E /* Release */,
			);
			defaultConfigurationIsVisible = 0;
			defaultConfigurationName = Release;
		};
		A0E6457419AF66FB00A6731E /* Build configuration list for PBXNativeTarget "CWFoundation" */ = {
			isa = XCConfigurationList;
			buildConfigurations = (
				A0E6457519AF66FB00A6731E /* Debug */,
				A0E6457619AF66FB00A6731E /* Release */,
			);
			defaultConfigurationIsVisible = 0;
			defaultConfigurationName = Release;
		};
		A0E6457719AF66FB00A6731E /* Build configuration list for PBXNativeTarget "CWFoundationTests" */ = {
			isa = XCConfigurationList;
			buildConfigurations = (
				A0E6457819AF66FB00A6731E /* Debug */,
				A0E6457919AF66FB00A6731E /* Release */,
			);
			defaultConfigurationIsVisible = 0;
			defaultConfigurationName = Release;
		};
/* End XCConfigurationList section */
	};
	rootObject = A0E6454019AF66FB00A6731E /* Project object */;
}
